
Microsoft Visual Studio Solution File, Format Version 12.00
# Visual Studio 15
Project("{FAE04EC0-301F-11D3-BF4B-00C04F79EFBC}") = "Assembly-CSharp", "Assembly-CSharp.csproj", "{52F5A583-136F-8821-61F6-C4885C399EE0}"
EndProject
Project("{FAE04EC0-301F-11D3-BF4B-00C04F79EFBC}") = "Assembly-CSharp", "Assembly-CSharp.Player.csproj", "{6FE78501-C38E-C77F-B225-FD28ECCBCED8}"
EndProject
Global
	GlobalSection(SolutionConfigurationPlatforms) = preSolution
		Debug|Any CPU = Debug|Any CPU
		Release|Any CPU = Release|Any CPU
	EndGlobalSection
	GlobalSection(ProjectConfigurationPlatforms) = postSolution
		{52F5A583-136F-8821-61F6-C4885C399EE0}.Debug|Any CPU.ActiveCfg = Debug|Any CPU
		{52F5A583-136F-8821-61F6-C4885C399EE0}.Debug|Any CPU.Build.0 = Debug|Any CPU
		{52F5A583-136F-8821-61F6-C4885C399EE0}.Release|Any CPU.ActiveCfg = Release|Any CPU
		{52F5A583-136F-8821-61F6-C4885C399EE0}.Release|Any CPU.Build.0 = Release|Any CPU
		{6FE78501-C38E-C77F-B225-FD28ECCBCED8}.Debug|Any CPU.ActiveCfg = Debug|Any CPU
		{6FE78501-C38E-C77F-B225-FD28ECCBCED8}.Debug|Any CPU.Build.0 = Debug|Any CPU
		{6FE78501-C38E-C77F-B225-FD28ECCBCED8}.Release|Any CPU.ActiveCfg = Release|Any CPU
		{6FE78501-C38E-C77F-B225-FD28ECCBCED8}.Release|Any CPU.Build.0 = Release|Any CPU
	EndGlobalSection
	GlobalSection(SolutionProperties) = preSolution
		HideSolutionNode = FALSE
	EndGlobalSection
EndGlobal
